// !$*UTF8*$!
{
	archiveVersion = 1;
	classes = {
	};
	objectVersion = 46;
	objects = {

/* Begin PBXBuildFile section */
		17C1220A1CC1FEFD000BC66C /* AppDelegate.swift in Sources */ = {isa = PBXBuildFile; fileRef = 17C122091CC1FEFD000BC66C /* AppDelegate.swift */; };
		17C1220C1CC1FEFD000BC66C /* RecordSoundsViewController.swift in Sources */ = {isa = PBXBuildFile; fileRef = 17C1220B1CC1FEFD000BC66C /* RecordSoundsViewController.swift */; };
		17C1220F1CC1FEFD000BC66C /* Main.storyboard in Resources */ = {isa = PBXBuildFile; fileRef = 17C1220D1CC1FEFD000BC66C /* Main.storyboard */; };
		17C122111CC1FEFD000BC66C /* Assets.xcassets in Resources */ = {isa = PBXBuildFile; fileRef = 17C122101CC1FEFD000BC66C /* Assets.xcassets */; };
		17C122141CC1FEFD000BC66C /* LaunchScreen.storyboard in Resources */ = {isa = PBXBuildFile; fileRef = 17C122121CC1FEFD000BC66C /* LaunchScreen.storyboard */; };
		17C1221F1CC1FEFD000BC66C /* PitchPerfectTests.swift in Sources */ = {isa = PBXBuildFile; fileRef = 17C1221E1CC1FEFD000BC66C /* PitchPerfectTests.swift */; };
		17C1222A1CC1FEFD000BC66C /* PitchPerfectUITests.swift in Sources */ = {isa = PBXBuildFile; fileRef = 17C122291CC1FEFD000BC66C /* PitchPerfectUITests.swift */; };
		17C122381CC26526000BC66C /* PlaySoundsViewController.swift in Sources */ = {isa = PBXBuildFile; fileRef = 17C122371CC26526000BC66C /* PlaySoundsViewController.swift */; };
		17C1223A1CC2B191000BC66C /* PlaySoundsViewController+Audio.swift in Sources */ = {isa = PBXBuildFile; fileRef = 17C122391CC2B191000BC66C /* PlaySoundsViewController+Audio.swift */; };
/* End PBXBuildFile section */

/* Begin PBXContainerItemProxy section */
		17C1221B1CC1FEFD000BC66C /* PBXContainerItemProxy */ = {
			isa = PBXContainerItemProxy;
			containerPortal = 17C121FE1CC1FEFC000BC66C /* Project object */;
			proxyType = 1;
			remoteGlobalIDString = 17C122051CC1FEFC000BC66C;
			remoteInfo = PitchPerfect;
		};
		17C122261CC1FEFD000BC66C /* PBXContainerItemProxy */ = {
			isa = PBXContainerItemProxy;
			containerPortal = 17C121FE1CC1FEFC000BC66C /* Project object */;
			proxyType = 1;
			remoteGlobalIDString = 17C122051CC1FEFC000BC66C;
			remoteInfo = PitchPerfect;
		};
/* End PBXContainerItemProxy section */

/* Begin PBXFileReference section */
		17C122061CC1FEFC000BC66C /* PitchPerfect.app */ = {isa = PBXFileReference; explicitFileType = wrapper.application; includeInIndex = 0; path = PitchPerfect.app; sourceTree = BUILT_PRODUCTS_DIR; };
		17C122091CC1FEFD000BC66C /* AppDelegate.swift */ = {isa = PBXFileReference; lastKnownFileType = sourcecode.swift; path = AppDelegate.swift; sourceTree = "<group>"; };
		17C1220B1CC1FEFD000BC66C /* RecordSoundsViewController.swift */ = {isa = PBXFileReference; lastKnownFileType = sourcecode.swift; path = RecordSoundsViewController.swift; sourceTree = "<group>"; };
		17C1220E1CC1FEFD000BC66C /* Base */ = {isa = PBXFileReference; lastKnownFileType = file.storyboard; name = Base; path = Base.lproj/Main.storyboard; sourceTree = "<group>"; };
		17C122101CC1FEFD000BC66C /* Assets.xcassets */ = {isa = PBXFileReference; lastKnownFileType = folder.assetcatalog; path = Assets.xcassets; sourceTree = "<group>"; };
		17C122131CC1FEFD000BC66C /* Base */ = {isa = PBXFileReference; lastKnownFileType = file.storyboard; name = Base; path = Base.lproj/LaunchScreen.storyboard; sourceTree = "<group>"; };
		17C122151CC1FEFD000BC66C /* Info.plist */ = {isa = PBXFileReference; lastKnownFileType = text.plist.xml; path = Info.plist; sourceTree = "<group>"; };
		17C1221A1CC1FEFD000BC66C /* PitchPerfectTests.xctest */ = {isa = PBXFileReference; explicitFileType = wrapper.cfbundle; includeInIndex = 0; path = PitchPerfectTests.xctest; sourceTree = BUILT_PRODUCTS_DIR; };
		17C1221E1CC1FEFD000BC66C /* PitchPerfectTests.swift */ = {isa = PBXFileReference; lastKnownFileType = sourcecode.swift; path = PitchPerfectTests.swift; sourceTree = "<group>"; };
		17C122201CC1FEFD000BC66C /* Info.plist */ = {isa = PBXFileReference; lastKnownFileType = text.plist.xml; path = Info.plist; sourceTree = "<group>"; };
		17C122251CC1FEFD000BC66C /* PitchPerfectUITests.xctest */ = {isa = PBXFileReference; explicitFileType = wrapper.cfbundle; includeInIndex = 0; path = PitchPerfectUITests.xctest; sourceTree = BUILT_PRODUCTS_DIR; };
		17C122291CC1FEFD000BC66C /* PitchPerfectUITests.swift */ = {isa = PBXFileReference; lastKnownFileType = sourcecode.swift; path = PitchPerfectUITests.swift; sourceTree = "<group>"; };
		17C1222B1CC1FEFD000BC66C /* Info.plist */ = {isa = PBXFileReference; lastKnownFileType = text.plist.xml; path = Info.plist; sourceTree = "<group>"; };
		17C122371CC26526000BC66C /* PlaySoundsViewController.swift */ = {isa = PBXFileReference; fileEncoding = 4; lastKnownFileType = sourcecode.swift; path = PlaySoundsViewController.swift; sourceTree = "<group>"; };
		17C122391CC2B191000BC66C /* PlaySoundsViewController+Audio.swift */ = {isa = PBXFileReference; fileEncoding = 4; lastKnownFileType = sourcecode.swift; path = "PlaySoundsViewController+Audio.swift"; sourceTree = "<group>"; };
/* End PBXFileReference section */

/* Begin PBXFrameworksBuildPhase section */
		17C122031CC1FEFC000BC66C /* Frameworks */ = {
			isa = PBXFrameworksBuildPhase;
			buildActionMask = 2147483647;
			files = (
			);
			runOnlyForDeploymentPostprocessing = 0;
		};
		17C122171CC1FEFD000BC66C /* Frameworks */ = {
			isa = PBXFrameworksBuildPhase;
			buildActionMask = 2147483647;
			files = (
			);
			runOnlyForDeploymentPostprocessing = 0;
		};
		17C122221CC1FEFD000BC66C /* Frameworks */ = {
			isa = PBXFrameworksBuildPhase;
			buildActionMask = 2147483647;
			files = (
			);
			runOnlyForDeploymentPostprocessing = 0;
		};
/* End PBXFrameworksBuildPhase section */

/* Begin PBXGroup section */
		17C121FD1CC1FEFC000BC66C = {
			isa = PBXGroup;
			children = (
				17C122081CC1FEFD000BC66C /* PitchPerfect */,
				17C1221D1CC1FEFD000BC66C /* PitchPerfectTests */,
				17C122281CC1FEFD000BC66C /* PitchPerfectUITests */,
				17C122071CC1FEFC000BC66C /* Products */,
			);
			sourceTree = "<group>";
		};
		17C122071CC1FEFC000BC66C /* Products */ = {
			isa = PBXGroup;
			children = (
				17C122061CC1FEFC000BC66C /* PitchPerfect.app */,
				17C1221A1CC1FEFD000BC66C /* PitchPerfectTests.xctest */,
				17C122251CC1FEFD000BC66C /* PitchPerfectUITests.xctest */,
			);
			name = Products;
			sourceTree = "<group>";
		};
		17C122081CC1FEFD000BC66C /* PitchPerfect */ = {
			isa = PBXGroup;
			children = (
				17C122091CC1FEFD000BC66C /* AppDelegate.swift */,
				17C1220B1CC1FEFD000BC66C /* RecordSoundsViewController.swift */,
				17C1220D1CC1FEFD000BC66C /* Main.storyboard */,
				17C122371CC26526000BC66C /* PlaySoundsViewController.swift */,
				17C122391CC2B191000BC66C /* PlaySoundsViewController+Audio.swift */,
				17C122101CC1FEFD000BC66C /* Assets.xcassets */,
				17C122121CC1FEFD000BC66C /* LaunchScreen.storyboard */,
				17C122151CC1FEFD000BC66C /* Info.plist */,
			);
			path = PitchPerfect;
			sourceTree = "<group>";
		};
		17C1221D1CC1FEFD000BC66C /* PitchPerfectTests */ = {
			isa = PBXGroup;
			children = (
				17C1221E1CC1FEFD000BC66C /* PitchPerfectTests.swift */,
				17C122201CC1FEFD000BC66C /* Info.plist */,
			);
			path = PitchPerfectTests;
			sourceTree = "<group>";
		};
		17C122281CC1FEFD000BC66C /* PitchPerfectUITests */ = {
			isa = PBXGroup;
			children = (
				17C122291CC1FEFD000BC66C /* PitchPerfectUITests.swift */,
				17C1222B1CC1FEFD000BC66C /* Info.plist */,
			);
			path = PitchPerfectUITests;
			sourceTree = "<group>";
		};
/* End PBXGroup section */

/* Begin PBXNativeTarget section */
		17C122051CC1FEFC000BC66C /* PitchPerfect */ = {
			isa = PBXNativeTarget;
			buildConfigurationList = 17C1222E1CC1FEFD000BC66C /* Build configuration list for PBXNativeTarget "PitchPerfect" */;
			buildPhases = (
				17C122021CC1FEFC000BC66C /* Sources */,
				17C122031CC1FEFC000BC66C /* Frameworks */,
				17C122041CC1FEFC000BC66C /* Resources */,
			);
			buildRules = (
			);
			dependencies = (
			);
			name = PitchPerfect;
			productName = PitchPerfect;
			productReference = 17C122061CC1FEFC000BC66C /* PitchPerfect.app */;
			productType = "com.apple.product-type.application";
		};
		17C122191CC1FEFD000BC66C /* PitchPerfectTests */ = {
			isa = PBXNativeTarget;
			buildConfigurationList = 17C122311CC1FEFD000BC66C /* Build configuration list for PBXNativeTarget "PitchPerfectTests" */;
			buildPhases = (
				17C122161CC1FEFD000BC66C /* Sources */,
				17C122171CC1FEFD000BC66C /* Frameworks */,
				17C122181CC1FEFD000BC66C /* Resources */,
			);
			buildRules = (
			);
			dependencies = (
				17C1221C1CC1FEFD000BC66C /* PBXTargetDependency */,
			);
			name = PitchPerfectTests;
			productName = PitchPerfectTests;
			productReference = 17C1221A1CC1FEFD000BC66C /* PitchPerfectTests.xctest */;
			productType = "com.apple.product-type.bundle.unit-test";
		};
		17C122241CC1FEFD000BC66C /* PitchPerfectUITests */ = {
			isa = PBXNativeTarget;
			buildConfigurationList = 17C122341CC1FEFD000BC66C /* Build configuration list for PBXNativeTarget "PitchPerfectUITests" */;
			buildPhases = (
				17C122211CC1FEFD000BC66C /* Sources */,
				17C122221CC1FEFD000BC66C /* Frameworks */,
				17C122231CC1FEFD000BC66C /* Resources */,
			);
			buildRules = (
			);
			dependencies = (
				17C122271CC1FEFD000BC66C /* PBXTargetDependency */,
			);
			name = PitchPerfectUITests;
			productName = PitchPerfectUITests;
			productReference = 17C122251CC1FEFD000BC66C /* PitchPerfectUITests.xctest */;
			productType = "com.apple.product-type.bundle.ui-testing";
		};
/* End PBXNativeTarget section */

/* Begin PBXProject section */
		17C121FE1CC1FEFC000BC66C /* Project object */ = {
			isa = PBXProject;
			attributes = {
				LastSwiftUpdateCheck = 0730;
				LastUpgradeCheck = 0730;
				ORGANIZATIONNAME = "Saad Bin Akhlaq";
				TargetAttributes = {
					17C122051CC1FEFC000BC66C = {
						CreatedOnToolsVersion = 7.3;
					};
					17C122191CC1FEFD000BC66C = {
						CreatedOnToolsVersion = 7.3;
						TestTargetID = 17C122051CC1FEFC000BC66C;
					};
					17C122241CC1FEFD000BC66C = {
						CreatedOnToolsVersion = 7.3;
						TestTargetID = 17C122051CC1FEFC000BC66C;
					};
				};
			};
			buildConfigurationList = 17C122011CC1FEFC000BC66C /* Build configuration list for PBXProject "PitchPerfect" */;
			compatibilityVersion = "Xcode 3.2";
			developmentRegion = English;
			hasScannedForEncodings = 0;
			knownRegions = (
				en,
				Base,
			);
			mainGroup = 17C121FD1CC1FEFC000BC66C;
			productRefGroup = 17C122071CC1FEFC000BC66C /* Products */;
			projectDirPath = "";
			projectRoot = "";
			targets = (
				17C122051CC1FEFC000BC66C /* PitchPerfect */,
				17C122191CC1FEFD000BC66C /* PitchPerfectTests */,
				17C122241CC1FEFD000BC66C /* PitchPerfectUITests */,
			);
		};
/* End PBXProject section */

/* Begin PBXResourcesBuildPhase section */
		17C122041CC1FEFC000BC66C /* Resources */ = {
			isa = PBXResourcesBuildPhase;
			buildActionMask = 2147483647;
			files = (
				17C122141CC1FEFD000BC66C /* LaunchScreen.storyboard in Resources */,
				17C122111CC1FEFD000BC66C /* Assets.xcassets in Resources */,
				17C1220F1CC1FEFD000BC66C /* Main.storyboard in Resources */,
			);
			runOnlyForDeploymentPostprocessing = 0;
		};
		17C122181CC1FEFD000BC66C /* Resources */ = {
			isa = PBXResourcesBuildPhase;
			buildActionMask = 2147483647;
			files = (
			);
			runOnlyForDeploymentPostprocessing = 0;
		};
		17C122231CC1FEFD000BC66C /* Resources */ = {
			isa = PBXResourcesBuildPhase;
			buildActionMask = 2147483647;
			files = (
			);
			runOnlyForDeploymentPostprocessing = 0;
		};
/* End PBXResourcesBuildPhase section */

/* Begin PBXSourcesBuildPhase section */
		17C122021CC1FEFC000BC66C /* Sources */ = {
			isa = PBXSourcesBuildPhase;
			buildActionMask = 2147483647;
			files = (
				17C1220C1CC1FEFD000BC66C /* RecordSoundsViewController.swift in Sources */,
				17C1223A1CC2B191000BC66C /* PlaySoundsViewController+Audio.swift in Sources */,
				17C122381CC26526000BC66C /* PlaySoundsViewController.swift in Sources */,
				17C1220A1CC1FEFD000BC66C /* AppDelegate.swift in Sources */,
			);
			runOnlyForDeploymentPostprocessing = 0;
		};
		17C122161CC1FEFD000BC66C /* Sources */ = {
			isa = PBXSourcesBuildPhase;
			buildActionMask = 2147483647;
			files = (
				17C1221F1CC1FEFD000BC66C /* PitchPerfectTests.swift in Sources */,
			);
			runOnlyForDeploymentPostprocessing = 0;
		};
		17C122211CC1FEFD000BC66C /* Sources */ = {
			isa = PBXSourcesBuildPhase;
			buildActionMask = 2147483647;
			files = (
				17C1222A1CC1FEFD000BC66C /* PitchPerfectUITests.swift in Sources */,
			);
			runOnlyForDeploymentPostprocessing = 0;
		};
/* End PBXSourcesBuildPhase section */

/* Begin PBXTargetDependency section */
		17C1221C1CC1FEFD000BC66C /* PBXTargetDependency */ = {
			isa = PBXTargetDependency;
			target = 17C122051CC1FEFC000BC66C /* PitchPerfect */;
			targetProxy = 17C1221B1CC1FEFD000BC66C /* PBXContainerItemProxy */;
		};
		17C122271CC1FEFD000BC66C /* PBXTargetDependency */ = {
			isa = PBXTargetDependency;
			target = 17C122051CC1FEFC000BC66C /* PitchPerfect */;
			targetProxy = 17C122261CC1FEFD000BC66C /* PBXContainerItemProxy */;
		};
/* End PBXTargetDependency section */

/* Begin PBXVariantGroup section */
		17C1220D1CC1FEFD000BC66C /* Main.storyboard */ = {
			isa = PBXVariantGroup;
			children = (
				17C1220E1CC1FEFD000BC66C /* Base */,
			);
			name = Main.storyboard;
			sourceTree = "<group>";
		};
		17C122121CC1FEFD000BC66C /* LaunchScreen.storyboard */ = {
			isa = PBXVariantGroup;
			children = (
				17C122131CC1FEFD000BC66C /* Base */,
			);
			name = LaunchScreen.storyboard;
			sourceTree = "<group>";
		};
/* End PBXVariantGroup section */

/* Begin XCBuildConfiguration section */
		17C1222C1CC1FEFD000BC66C /* Debug */ = {
			isa = XCBuildConfiguration;
			buildSettings = {
				ALWAYS_SEARCH_USER_PATHS = NO;
				CLANG_ANALYZER_NONNULL = YES;
				CLANG_CXX_LANGUAGE_STANDARD = "gnu++0x";
				CLANG_CXX_LIBRARY = "libc++";
				CLANG_ENABLE_MODULES = YES;
				CLANG_ENABLE_OBJC_ARC = YES;
				CLANG_WARN_BOOL_CONVERSION = YES;
				CLANG_WARN_CONSTANT_CONVERSION = YES;
				CLANG_WARN_DIRECT_OBJC_ISA_USAGE = YES_ERROR;
				CLANG_WARN_EMPTY_BODY = YES;
				CLANG_WARN_ENUM_CONVERSION = YES;
				CLANG_WARN_INT_CONVERSION = YES;
				CLANG_WARN_OBJC_ROOT_CLASS = YES_ERROR;
				CLANG_WARN_UNREACHABLE_CODE = YES;
				CLANG_WARN__DUPLICATE_METHOD_MATCH = YES;
				"CODE_SIGN_IDENTITY[sdk=iphoneos*]" = "iPhone Developer";
				COPY_PHASE_STRIP = NO;
				DEBUG_INFORMATION_FORMAT = dwarf;
				ENABLE_STRICT_OBJC_MSGSEND = YES;
				ENABLE_TESTABILITY = YES;
				GCC_C_LANGUAGE_STANDARD = gnu99;
				GCC_DYNAMIC_NO_PIC = NO;
				GCC_NO_COMMON_BLOCKS = YES;
				GCC_OPTIMIZATION_LEVEL = 0;
				GCC_PREPROCESSOR_DEFINITIONS = (
					"DEBUG=1",
					"$(inherited)",
				);
				GCC_WARN_64_TO_32_BIT_CONVERSION = YES;
				GCC_WARN_ABOUT_RETURN_TYPE = YES_ERROR;
				GCC_WARN_UNDECLARED_SELECTOR = YES;
				GCC_WARN_UNINITIALIZED_AUTOS = YES_AGGRESSIVE;
				GCC_WARN_UNUSED_FUNCTION = YES;
				GCC_WARN_UNUSED_VARIABLE = YES;
				IPHONEOS_DEPLOYMENT_TARGET = 9.3;
				MTL_ENABLE_DEBUG_INFO = YES;
				ONLY_ACTIVE_ARCH = YES;
				SDKROOT = iphoneos;
				SWIFT_OPTIMIZATION_LEVEL = "-Onone";
				TARGETED_DEVICE_FAMILY = "1,2";
			};
			name = Debug;
		};
		17C1222D1CC1FEFD000BC66C /* Release */ = {
			isa = XCBuildConfiguration;
			buildSettings = {
				ALWAYS_SEARCH_USER_PATHS = NO;
				CLANG_ANALYZER_NONNULL = YES;
				CLANG_CXX_LANGUAGE_STANDARD = "gnu++0x";
				CLANG_CXX_LIBRARY = "libc++";
				CLANG_ENABLE_MODULES = YES;
				CLANG_ENABLE_OBJC_ARC = YES;
				CLANG_WARN_BOOL_CONVERSION = YES;
				CLANG_WARN_CONSTANT_CONVERSION = YES;
				CLANG_WARN_DIRECT_OBJC_ISA_USAGE = YES_ERROR;
				CLANG_WARN_EMPTY_BODY = YES;
				CLANG_WARN_ENUM_CONVERSION = YES;
				CLANG_WARN_INT_CONVERSION = YES;
				CLANG_WARN_OBJC_ROOT_CLASS = YES_ERROR;
				CLANG_WARN_UNREACHABLE_CODE = YES;
				CLANG_WARN__DUPLICATE_METHOD_MATCH = YES;
				"CODE_SIGN_IDENTITY[sdk=iphoneos*]" = "iPhone Developer";
				COPY_PHASE_STRIP = NO;
				DEBUG_INFORMATION_FORMAT = "dwarf-with-dsym";
				ENABLE_NS_ASSERTIONS = NO;
				ENABLE_STRICT_OBJC_MSGSEND = YES;
				GCC_C_LANGUAGE_STANDARD = gnu99;
				GCC_NO_COMMON_BLOCKS = YES;
				GCC_WARN_64_TO_32_BIT_CONVERSION = YES;
				GCC_WARN_ABOUT_RETURN_TYPE = YES_ERROR;
				GCC_WARN_UNDECLARED_SELECTOR = YES;
				GCC_WARN_UNINITIALIZED_AUTOS = YES_AGGRESSIVE;
				GCC_WARN_UNUSED_FUNCTION = YES;
				GCC_WARN_UNUSED_VARIABLE = YES;
				IPHONEOS_DEPLOYMENT_TARGET = 9.3;
				MTL_ENABLE_DEBUG_INFO = NO;
				SDKROOT = iphoneos;
				TARGETED_DEVICE_FAMILY = "1,2";
				VALIDATE_PRODUCT = YES;
			};
			name = Release;
		};
		17C1222F1CC1FEFD000BC66C /* Debug */ = {
			isa = XCBuildConfiguration;
			buildSettings = {
				ASSETCATALOG_COMPILER_APPICON_NAME = AppIcon;
				INFOPLIST_FILE = PitchPerfect/Info.plist;
				LD_RUNPATH_SEARCH_PATHS = "$(inherited) @executable_path/Frameworks";
				PRODUCT_BUNDLE_IDENTIFIER = in.saadb.PitchPerfect;
				PRODUCT_NAME = "$(TARGET_NAME)";
			};
			name = Debug;
		};
		17C122301CC1FEFD000BC66C /* Release */ = {
			isa = XCBuildConfiguration;
			buildSettings = {
				ASSETCATALOG_COMPILER_APPICON_NAME = AppIcon;
				INFOPLIST_FILE = PitchPerfect/Info.plist;
				LD_RUNPATH_SEARCH_PATHS = "$(inherited) @executable_path/Frameworks";
				PRODUCT_BUNDLE_IDENTIFIER = in.saadb.PitchPerfect;
				PRODUCT_NAME = "$(TARGET_NAME)";
			};
			name = Release;
		};
		17C122321CC1FEFD000BC66C /* Debug */ = {
			isa = XCBuildConfiguration;
			buildSettings = {
				BUNDLE_LOADER = "$(TEST_HOST)";
				INFOPLIST_FILE = PitchPerfectTests/Info.plist;
				LD_RUNPATH_SEARCH_PATHS = "$(inherited) @executable_path/Frameworks @loader_path/Frameworks";
				PRODUCT_BUNDLE_IDENTIFIER = in.saadb.PitchPerfectTests;
				PRODUCT_NAME = "$(TARGET_NAME)";
				TEST_HOST = "$(BUILT_PRODUCTS_DIR)/PitchPerfect.app/PitchPerfect";
			};
			name = Debug;
		};
		17C122331CC1FEFD000BC66C /* Release */ = {
			isa = XCBuildConfiguration;
			buildSettings = {
				BUNDLE_LOADER = "$(TEST_HOST)";
				INFOPLIST_FILE = PitchPerfectTests/Info.plist;
				LD_RUNPATH_SEARCH_PATHS = "$(inherited) @executable_path/Frameworks @loader_path/Frameworks";
				PRODUCT_BUNDLE_IDENTIFIER = in.saadb.PitchPerfectTests;
				PRODUCT_NAME = "$(TARGET_NAME)";
				TEST_HOST = "$(BUILT_PRODUCTS_DIR)/PitchPerfect.app/PitchPerfect";
			};
			name = Release;
		};
		17C122351CC1FEFD000BC66C /* Debug */ = {
			isa = XCBuildConfiguration;
			buildSettings = {
				INFOPLIST_FILE = PitchPerfectUITests/Info.plist;
				LD_RUNPATH_SEARCH_PATHS = "$(inherited) @executable_path/Frameworks @loader_path/Frameworks";
				PRODUCT_BUNDLE_IDENTIFIER = in.saadb.PitchPerfectUITests;
				PRODUCT_NAME = "$(TARGET_NAME)";
				TEST_TARGET_NAME = PitchPerfect;
			};
			name = Debug;
		};
		17C122361CC1FEFD000BC66C /* Release */ = {
			isa = XCBuildConfiguration;
			buildSettings = {
				INFOPLIST_FILE = PitchPerfectUITests/Info.plist;
				LD_RUNPATH_SEARCH_PATHS = "$(inherited) @executable_path/Frameworks @loader_path/Frameworks";
				PRODUCT_BUNDLE_IDENTIFIER = in.saadb.PitchPerfectUITests;
				PRODUCT_NAME = "$(TARGET_NAME)";
				TEST_TARGET_NAME = PitchPerfect;
			};
			name = Release;
		};
/* End XCBuildConfiguration section */

/* Begin XCConfigurationList section */
		17C122011CC1FEFC000BC66C /* Build configuration list for PBXProject "PitchPerfect" */ = {
			isa = XCConfigurationList;
			buildConfigurations = (
				17C1222C1CC1FEFD000BC66C /* Debug */,
				17C1222D1CC1FEFD000BC66C /* Release */,
			);
			defaultConfigurationIsVisible = 0;
			defaultConfigurationName = Release;
		};
		17C1222E1CC1FEFD000BC66C /* Build configuration list for PBXNativeTarget "PitchPerfect" */ = {
			isa = XCConfigurationList;
			buildConfigurations = (
				17C1222F1CC1FEFD000BC66C /* Debug */,
				17C122301CC1FEFD000BC66C /* Release */,
			);
			defaultConfigurationIsVisible = 0;
		};
		17C122311CC1FEFD000BC66C /* Build configuration list for PBXNativeTarget "PitchPerfectTests" */ = {
			isa = XCConfigurationList;
			buildConfigurations = (
				17C122321CC1FEFD000BC66C /* Debug */,
				17C122331CC1FEFD000BC66C /* Release */,
			);
			defaultConfigurationIsVisible = 0;
		};
		17C122341CC1FEFD000BC66C /* Build configuration list for PBXNativeTarget "PitchPerfectUITests" */ = {
			isa = XCConfigurationList;
			buildConfigurations = (
				17C122351CC1FEFD000BC66C /* Debug */,
				17C122361CC1FEFD000BC66C /* Release */,
			);
			defaultConfigurationIsVisible = 0;
		};
/* End XCConfigurationList section */
	};
	rootObject = 17C121FE1CC1FEFC000BC66C /* Project object */;
}
